lockfileVersion: '9.0'

settings:
  autoInstallPeers: true
  excludeLinksFromLockfile: false

importers:

  .:
    devDependencies:
      aws-cdk-lib:
        specifier: 2.184.1
        version: 2.184.1(constructs@10.4.2)
      typescript:
        specifier: ^5.8.2
        version: 5.8.2

packages:

  '@aws-cdk/asset-awscli-v1@2.2.227':
    resolution: {integrity: sha512-BAZwZGtX166K9KRYnRBbRj/fU0FY00LOnki11OsDQMfZ9H6tno+LIhv/ZY5U4LGIaI8yP881pAhbrVxpKQnYLg==}

  '@aws-cdk/asset-node-proxy-agent-v6@2.1.0':
    resolution: {integrity: sha512-7bY3J8GCVxLupn/kNmpPc5VJz8grx+4RKfnnJiO1LG+uxkZfANZG3RMHhE+qQxxwkyQ9/MfPtTpf748UhR425A==}

  '@aws-cdk/cloud-assembly-schema@40.7.0':
    resolution: {integrity: sha512-00wVKn9pOOGXbeNwA4E8FUFt0zIB4PmSO7PvIiDWgpaFX3G/sWyy0A3s6bg/n2Yvkghu8r4a8ckm+mAzkAYmfA==}
    engines: {node: '>= 14.15.0'}
    bundledDependencies:
      - jsonschema
      - semver

  aws-cdk-lib@2.184.1:
    resolution: {integrity: sha512-No9g0SGadiDz0IEUIeJg4wSV/jFCGcouW2zUOTjV8OU4gTMoGiqC8BYSv7E6ucUtW6rmSFVK+pbc8XOFZOo1cg==}
    engines: {node: '>= 14.15.0'}
    peerDependencies:
      constructs: ^10.0.0
    bundledDependencies:
      - '@balena/dockerignore'
      - case
      - fs-extra
      - ignore
      - jsonschema
      - minimatch
      - punycode
      - semver
      - table
      - yaml
      - mime-types

  constructs@10.4.2:
    resolution: {integrity: sha512-wsNxBlAott2qg8Zv87q3eYZYgheb9lchtBfjHzzLHtXbttwSrHPs1NNQbBrmbb1YZvYg2+Vh0Dor76w4mFxJkA==}

  typescript@5.8.2:
    resolution: {integrity: sha512-aJn6wq13/afZp/jT9QZmwEjDqqvSGp1VT5GVg+f/t6/oVyrgXM6BY1h9BRh/O5p3PlUPAe+WuiEZOmb/49RqoQ==}
    engines: {node: '>=14.17'}
    hasBin: true

snapshots:

  '@aws-cdk/asset-awscli-v1@2.2.227': {}

  '@aws-cdk/asset-node-proxy-agent-v6@2.1.0': {}

  '@aws-cdk/cloud-assembly-schema@40.7.0': {}

  aws-cdk-lib@2.184.1(constructs@10.4.2):
    dependencies:
      '@aws-cdk/asset-awscli-v1': 2.2.227
      '@aws-cdk/asset-node-proxy-agent-v6': 2.1.0
      '@aws-cdk/cloud-assembly-schema': 40.7.0
      constructs: 10.4.2

  constructs@10.4.2: {}

  typescript@5.8.2: {}
